
Microsoft Visual Studio Solution File, Format Version 12.00
# Visual Studio Version 16
VisualStudioVersion = 16.0.31112.23
MinimumVisualStudioVersion = 10.0.40219.1
Project("{FAE04EC0-301F-11D3-BF4B-00C04F79EFBC}") = "SpotkajmySie", "SpotkajmySie\SpotkajmySie.csproj", "{0C678E12-51A3-40EE-8582-7E48886A3E2E}"
EndProject
Global
	GlobalSection(SolutionConfigurationPlatforms) = preSolution
		Debug|Any CPU = Debug|Any CPU
		Release|Any CPU = Release|Any CPU
	EndGlobalSection
	GlobalSection(ProjectConfigurationPlatforms) = postSolution
		{0C678E12-51A3-40EE-8582-7E48886A3E2E}.Debug|Any CPU.ActiveCfg = Debug|Any CPU
		{0C678E12-51A3-40EE-8582-7E48886A3E2E}.Debug|Any CPU.Build.0 = Debug|Any CPU
		{0C678E12-51A3-40EE-8582-7E48886A3E2E}.Release|Any CPU.ActiveCfg = Release|Any CPU
		{0C678E12-51A3-40EE-8582-7E48886A3E2E}.Release|Any CPU.Build.0 = Release|Any CPU
	EndGlobalSection
	GlobalSection(SolutionProperties) = preSolution
		HideSolutionNode = FALSE
	EndGlobalSection
	GlobalSection(ExtensibilityGlobals) = postSolution
		SolutionGuid = {B6C09A23-67C1-4D76-A910-46E7DB4098B1}
	EndGlobalSection
EndGlobal
